
Microsoft Visual Studio Solution File, Format Version 12.00
# Visual Studio 2013
VisualStudioVersion = 12.0.40629.0
MinimumVisualStudioVersion = 10.0.40219.1
Project("{8BC9CEB8-8B4A-11D0-8D11-00A0C91BC942}") = "MeshGeneration2D", "MeshGeneration2D\MeshGeneration2D.vcxproj", "{965539AD-DAEB-42B8-BFB5-B49AC20D6623}"
EndProject
Global
	GlobalSection(SolutionConfigurationPlatforms) = preSolution
		Debug|Win32 = Debug|Win32
		Debug|x64 = Debug|x64
		Release|Win32 = Release|Win32
		Release|x64 = Release|x64
	EndGlobalSection
	GlobalSection(ProjectConfigurationPlatforms) = postSolution
		{965539AD-DAEB-42B8-BFB5-B49AC20D6623}.Debug|Win32.ActiveCfg = Debug|Win32
		{965539AD-DAEB-42B8-BFB5-B49AC20D6623}.Debug|Win32.Build.0 = Debug|Win32
		{965539AD-DAEB-42B8-BFB5-B49AC20D6623}.Debug|x64.ActiveCfg = Debug|x64
		{965539AD-DAEB-42B8-BFB5-B49AC20D6623}.Debug|x64.Build.0 = Debug|x64
		{965539AD-DAEB-42B8-BFB5-B49AC20D6623}.Release|Win32.ActiveCfg = Release|Win32
		{965539AD-DAEB-42B8-BFB5-B49AC20D6623}.Release|Win32.Build.0 = Release|Win32
		{965539AD-DAEB-42B8-BFB5-B49AC20D6623}.Release|x64.ActiveCfg = Release|x64
		{965539AD-DAEB-42B8-BFB5-B49AC20D6623}.Release|x64.Build.0 = Release|x64
	EndGlobalSection
	GlobalSection(SolutionProperties) = preSolution
		HideSolutionNode = FALSE
	EndGlobalSection
EndGlobal
